{
  "name": "exit-intent",
  "version": "1.0.0",
  "lockfileVersion": 2,
  "requires": true,
  "packages": {
    "": {
      "name": "exit-intent",
      "version": "1.0.0",
      "license": "ISC",
      "dependencies": {
        "@glidejs/glide": "^3.5.2",
        "@qubit/check-exit": "^1.1.0",
        "@qubit/check-inactivity": "^2.0.1",
        "@qubit/helpers": "^1.3.1",
        "@qubit/utils": "^1.6.1",
        "preact": "^10.7.1",
        "sync-p": "^1.3.0"
      }
    },
    "node_modules/@glidejs/glide": {
      "version": "3.5.2",
      "resolved": "https://registry.npmjs.org/@glidejs/glide/-/glide-3.5.2.tgz",
      "integrity": "sha512-7jGciNJ2bQ4eZLSNlSZ+VAyW63kALf420CvkEpK4lEsUfWJq9odqimci0YCiyNyMUFB+pWHwLYyNc57dijYsCg=="
    },
    "node_modules/@qubit/check-exit": {
      "version": "1.1.0",
      "resolved": "https://registry.qubit.com/@qubit/check-exit/download/@qubit/check-exit-1.1.0.tgz",
      "integrity": "sha1-MaTtLk9hV83mZZYWxq4ucRxFYEc=",
      "license": "ISC",
      "dependencies": {
        "sync-p": "^1.3.0"
      }
    },
    "node_modules/@qubit/check-inactivity": {
      "version": "2.0.1",
      "resolved": "https://registry.qubit.com/@qubit/check-inactivity/download/@qubit/check-inactivity-2.0.1.tgz",
      "integrity": "sha1-kSxvML8GDm29ALndouB0Eq2CUEg=",
      "dependencies": {
        "slapdash": "^1.3.3"
      }
    },
    "node_modules/@qubit/helpers": {
      "version": "1.3.1",
      "resolved": "https://registry.qubit.com/@qubit/helpers/download/@qubit/helpers-1.3.1.tgz",
      "integrity": "sha1-pya0+2cZzPK4+3BAWD/ihCBoT+c=",
      "license": "ISC",
      "dependencies": {
        "slapdash": "^1.3.3"
      }
    },
    "node_modules/@qubit/utils": {
      "version": "1.6.1",
      "resolved": "https://registry.qubit.com/@qubit/utils/download/@qubit/utils-1.6.1.tgz",
      "integrity": "sha1-LyThEXiNfXRrhqIxjfOjI+N0Z78=",
      "license": "ISC",
      "dependencies": {
        "slapdash": "^1.3.3",
        "sync-p": "^1.3.0"
      }
    },
    "node_modules/preact": {
      "version": "10.7.1",
      "resolved": "https://registry.npmjs.org/preact/-/preact-10.7.1.tgz",
      "integrity": "sha512-MufnRFz39aIhs9AMFisonjzTud1PK1bY+jcJLo6m2T9Uh8AqjD77w11eAAawmjUogoGOnipECq7e/1RClIKsxg==",
      "funding": {
        "type": "opencollective",
        "url": "https://opencollective.com/preact"
      }
    },
    "node_modules/slapdash": {
      "version": "1.3.3",
      "resolved": "https://registry.npmjs.org/slapdash/-/slapdash-1.3.3.tgz",
      "integrity": "sha512-wgCtpU34rIodNO5gPUT6tC0DZUb1hqdkWAPGVcp0waXvy2dLiQLdCMif+RP7m9nxdQTfbIHrtMxKPXlnh3O0xQ==",
      "engines": {
        "node": ">=4.0.0"
      }
    },
    "node_modules/sync-p": {
      "version": "1.3.0",
      "resolved": "https://registry.npmjs.org/sync-p/-/sync-p-1.3.0.tgz",
      "integrity": "sha512-UEA4+JuH2pW68RdMKVP/N/ilysnEGkssa305YguJVuClOmTayC95qLLHY3urGcifNH5kWHcLEHFimks5KaNp8g=="
    }
  },
  "dependencies": {
    "@glidejs/glide": {
      "version": "3.5.2",
      "resolved": "https://registry.npmjs.org/@glidejs/glide/-/glide-3.5.2.tgz",
      "integrity": "sha512-7jGciNJ2bQ4eZLSNlSZ+VAyW63kALf420CvkEpK4lEsUfWJq9odqimci0YCiyNyMUFB+pWHwLYyNc57dijYsCg=="
    },
    "@qubit/check-exit": {
      "version": "1.1.0",
      "resolved": "https://registry.qubit.com/@qubit/check-exit/download/@qubit/check-exit-1.1.0.tgz",
      "integrity": "sha1-MaTtLk9hV83mZZYWxq4ucRxFYEc=",
      "requires": {
        "sync-p": "^1.3.0"
      }
    },
    "@qubit/check-inactivity": {
      "version": "2.0.1",
      "resolved": "https://registry.qubit.com/@qubit/check-inactivity/download/@qubit/check-inactivity-2.0.1.tgz",
      "integrity": "sha1-kSxvML8GDm29ALndouB0Eq2CUEg=",
      "requires": {
        "slapdash": "^1.3.3"
      }
    },
    "@qubit/helpers": {
      "version": "1.3.1",
      "resolved": "https://registry.qubit.com/@qubit/helpers/download/@qubit/helpers-1.3.1.tgz",
      "integrity": "sha1-pya0+2cZzPK4+3BAWD/ihCBoT+c=",
      "requires": {
        "slapdash": "^1.3.3"
      }
    },
    "@qubit/utils": {
      "version": "1.6.1",
      "resolved": "https://registry.qubit.com/@qubit/utils/download/@qubit/utils-1.6.1.tgz",
      "integrity": "sha1-LyThEXiNfXRrhqIxjfOjI+N0Z78=",
      "requires": {
        "slapdash": "^1.3.3",
        "sync-p": "^1.3.0"
      }
    },
    "preact": {
      "version": "10.7.1",
      "resolved": "https://registry.npmjs.org/preact/-/preact-10.7.1.tgz",
      "integrity": "sha512-MufnRFz39aIhs9AMFisonjzTud1PK1bY+jcJLo6m2T9Uh8AqjD77w11eAAawmjUogoGOnipECq7e/1RClIKsxg=="
    },
    "slapdash": {
      "version": "1.3.3",
      "resolved": "https://registry.npmjs.org/slapdash/-/slapdash-1.3.3.tgz",
      "integrity": "sha512-wgCtpU34rIodNO5gPUT6tC0DZUb1hqdkWAPGVcp0waXvy2dLiQLdCMif+RP7m9nxdQTfbIHrtMxKPXlnh3O0xQ=="
    },
    "sync-p": {
      "version": "1.3.0",
      "resolved": "https://registry.npmjs.org/sync-p/-/sync-p-1.3.0.tgz",
      "integrity": "sha512-UEA4+JuH2pW68RdMKVP/N/ilysnEGkssa305YguJVuClOmTayC95qLLHY3urGcifNH5kWHcLEHFimks5KaNp8g=="
    }
  }
}
